// !$*UTF8*$!
{
	archiveVersion = 1;
	classes = {
	};
	objectVersion = 56;
	objects = {

/* Begin PBXBuildFile section */
		6201F2002CC58A3D00E1BAEB /* AppDelegate.swift in Sources */ = {isa = PBXBuildFile; fileRef = 6201F1FF2CC58A3D00E1BAEB /* AppDelegate.swift */; };
		6201F2022CC58A3D00E1BAEB /* SceneDelegate.swift in Sources */ = {isa = PBXBuildFile; fileRef = 6201F2012CC58A3D00E1BAEB /* SceneDelegate.swift */; };
		6201F2042CC58A3D00E1BAEB /* PhoneViewController.swift in Sources */ = {isa = PBXBuildFile; fileRef = 6201F2032CC58A3D00E1BAEB /* PhoneViewController.swift */; };
		6201F2092CC58A3E00E1BAEB /* Assets.xcassets in Resources */ = {isa = PBXBuildFile; fileRef = 6201F2082CC58A3E00E1BAEB /* Assets.xcassets */; };
		6201F20C2CC58A3E00E1BAEB /* Base in Resources */ = {isa = PBXBuildFile; fileRef = 6201F20B2CC58A3E00E1BAEB /* Base */; };
		622D19582CC753F100D9C2D1 /* MainViewController.swift .swift in Sources */ = {isa = PBXBuildFile; fileRef = 622D19572CC753F100D9C2D1 /* MainViewController.swift .swift */; };
		622D195A2CC7547E00D9C2D1 /* LogoutViewController.swift in Sources */ = {isa = PBXBuildFile; fileRef = 622D19592CC7547E00D9C2D1 /* LogoutViewController.swift */; };
		6259ECF42CC5927200EC973F /* Pods_PhoneAuth.framework in Frameworks */ = {isa = PBXBuildFile; fileRef = C872189BD874C04C50040EA8 /* Pods_PhoneAuth.framework */; };
		6259ECF52CC5927200EC973F /* Pods_PhoneAuth.framework in Embed Frameworks */ = {isa = PBXBuildFile; fileRef = C872189BD874C04C50040EA8 /* Pods_PhoneAuth.framework */; settings = {ATTRIBUTES = (CodeSignOnCopy, RemoveHeadersOnCopy, ); }; };
		62E712292CC58B080064CBF4 /* AuthManager.swift in Sources */ = {isa = PBXBuildFile; fileRef = 62E712282CC58B080064CBF4 /* AuthManager.swift */; };
		62E7122C2CC58CDB0064CBF4 /* AccountViewController.swift in Sources */ = {isa = PBXBuildFile; fileRef = 62E7122B2CC58CDB0064CBF4 /* AccountViewController.swift */; };
		62E7122E2CC58CE60064CBF4 /* SMSCodeViewController.swift in Sources */ = {isa = PBXBuildFile; fileRef = 62E7122D2CC58CE60064CBF4 /* SMSCodeViewController.swift */; };
		C26487E52CD823B000ACC29B /* GoogleService-Info.plist in Resources */ = {isa = PBXBuildFile; fileRef = C26487E42CD823B000ACC29B /* GoogleService-Info.plist */; };
		C26487ED2CD82A2A00ACC29B /* BusyLevelView.swift in Sources */ = {isa = PBXBuildFile; fileRef = C26487EC2CD82A2A00ACC29B /* BusyLevelView.swift */; };
/* End PBXBuildFile section */

/* Begin PBXCopyFilesBuildPhase section */
		6259ECF62CC5927200EC973F /* Embed Frameworks */ = {
			isa = PBXCopyFilesBuildPhase;
			buildActionMask = 2147483647;
			dstPath = "";
			dstSubfolderSpec = 10;
			files = (
				6259ECF52CC5927200EC973F /* Pods_PhoneAuth.framework in Embed Frameworks */,
			);
			name = "Embed Frameworks";
			runOnlyForDeploymentPostprocessing = 0;
		};
/* End PBXCopyFilesBuildPhase section */

/* Begin PBXFileReference section */
		6201F1FC2CC58A3D00E1BAEB /* PhoneAuth.app */ = {isa = PBXFileReference; explicitFileType = wrapper.application; includeInIndex = 0; path = PhoneAuth.app; sourceTree = BUILT_PRODUCTS_DIR; };
		6201F1FF2CC58A3D00E1BAEB /* AppDelegate.swift */ = {isa = PBXFileReference; lastKnownFileType = sourcecode.swift; path = AppDelegate.swift; sourceTree = "<group>"; };
		6201F2012CC58A3D00E1BAEB /* SceneDelegate.swift */ = {isa = PBXFileReference; lastKnownFileType = sourcecode.swift; path = SceneDelegate.swift; sourceTree = "<group>"; };
		6201F2032CC58A3D00E1BAEB /* PhoneViewController.swift */ = {isa = PBXFileReference; lastKnownFileType = sourcecode.swift; path = PhoneViewController.swift; sourceTree = "<group>"; };
		6201F2082CC58A3E00E1BAEB /* Assets.xcassets */ = {isa = PBXFileReference; lastKnownFileType = folder.assetcatalog; path = Assets.xcassets; sourceTree = "<group>"; };
		6201F20B2CC58A3E00E1BAEB /* Base */ = {isa = PBXFileReference; lastKnownFileType = file.storyboard; name = Base; path = Base.lproj/LaunchScreen.storyboard; sourceTree = "<group>"; };
		6201F20D2CC58A3E00E1BAEB /* Info.plist */ = {isa = PBXFileReference; lastKnownFileType = text.plist.xml; path = Info.plist; sourceTree = "<group>"; };
		62075E402CC6BF7700C0C0B1 /* PhoneAuth.entitlements */ = {isa = PBXFileReference; lastKnownFileType = text.plist.entitlements; path = PhoneAuth.entitlements; sourceTree = "<group>"; };
		622D19572CC753F100D9C2D1 /* MainViewController.swift .swift */ = {isa = PBXFileReference; lastKnownFileType = sourcecode.swift; path = "MainViewController.swift .swift"; sourceTree = "<group>"; };
		622D19592CC7547E00D9C2D1 /* LogoutViewController.swift */ = {isa = PBXFileReference; lastKnownFileType = sourcecode.swift; path = LogoutViewController.swift; sourceTree = "<group>"; };
		62E712282CC58B080064CBF4 /* AuthManager.swift */ = {isa = PBXFileReference; lastKnownFileType = sourcecode.swift; path = AuthManager.swift; sourceTree = "<group>"; };
		62E7122B2CC58CDB0064CBF4 /* AccountViewController.swift */ = {isa = PBXFileReference; lastKnownFileType = sourcecode.swift; path = AccountViewController.swift; sourceTree = "<group>"; };
		62E7122D2CC58CE60064CBF4 /* SMSCodeViewController.swift */ = {isa = PBXFileReference; lastKnownFileType = sourcecode.swift; path = SMSCodeViewController.swift; sourceTree = "<group>"; };
		C26487E42CD823B000ACC29B /* GoogleService-Info.plist */ = {isa = PBXFileReference; lastKnownFileType = text.plist.xml; path = "GoogleService-Info.plist"; sourceTree = "<group>"; };
		C26487EC2CD82A2A00ACC29B /* BusyLevelView.swift */ = {isa = PBXFileReference; lastKnownFileType = sourcecode.swift; path = BusyLevelView.swift; sourceTree = "<group>"; };
		C872189BD874C04C50040EA8 /* Pods_PhoneAuth.framework */ = {isa = PBXFileReference; explicitFileType = wrapper.framework; includeInIndex = 0; path = Pods_PhoneAuth.framework; sourceTree = BUILT_PRODUCTS_DIR; };
		CD26FBF4FBA55DA926CFB487 /* Pods-PhoneAuth.release.xcconfig */ = {isa = PBXFileReference; includeInIndex = 1; lastKnownFileType = text.xcconfig; name = "Pods-PhoneAuth.release.xcconfig"; path = "Target Support Files/Pods-PhoneAuth/Pods-PhoneAuth.release.xcconfig"; sourceTree = "<group>"; };
		CEBC77F7877D358FC0823B5C /* Pods-PhoneAuth.debug.xcconfig */ = {isa = PBXFileReference; includeInIndex = 1; lastKnownFileType = text.xcconfig; name = "Pods-PhoneAuth.debug.xcconfig"; path = "Target Support Files/Pods-PhoneAuth/Pods-PhoneAuth.debug.xcconfig"; sourceTree = "<group>"; };
/* End PBXFileReference section */

/* Begin PBXFrameworksBuildPhase section */
		6201F1F92CC58A3D00E1BAEB /* Frameworks */ = {
			isa = PBXFrameworksBuildPhase;
			buildActionMask = 2147483647;
			files = (
				6259ECF42CC5927200EC973F /* Pods_PhoneAuth.framework in Frameworks */,
			);
			runOnlyForDeploymentPostprocessing = 0;
		};
/* End PBXFrameworksBuildPhase section */

/* Begin PBXGroup section */
		6201F1F32CC58A3D00E1BAEB = {
			isa = PBXGroup;
			children = (
				6201F1FE2CC58A3D00E1BAEB /* PhoneAuth */,
				6201F1FD2CC58A3D00E1BAEB /* Products */,
				FB4B4EF55989E200CBEBEBFF /* Pods */,
				C7BAE0BD17361ACC5C76C6F6 /* Frameworks */,
			);
			sourceTree = "<group>";
		};
		6201F1FD2CC58A3D00E1BAEB /* Products */ = {
			isa = PBXGroup;
			children = (
				6201F1FC2CC58A3D00E1BAEB /* PhoneAuth.app */,
			);
			name = Products;
			sourceTree = "<group>";
		};
		6201F1FE2CC58A3D00E1BAEB /* PhoneAuth */ = {
			isa = PBXGroup;
			children = (
				62075E402CC6BF7700C0C0B1 /* PhoneAuth.entitlements */,
				62E7122A2CC58CAC0064CBF4 /* Controllers */,
				6201F1FF2CC58A3D00E1BAEB /* AppDelegate.swift */,
				62E712282CC58B080064CBF4 /* AuthManager.swift */,
				6201F2012CC58A3D00E1BAEB /* SceneDelegate.swift */,
				C26487E42CD823B000ACC29B /* GoogleService-Info.plist */,
				6201F2082CC58A3E00E1BAEB /* Assets.xcassets */,
				6201F20A2CC58A3E00E1BAEB /* LaunchScreen.storyboard */,
				6201F20D2CC58A3E00E1BAEB /* Info.plist */,
			);
			path = PhoneAuth;
			sourceTree = "<group>";
		};
		62E7122A2CC58CAC0064CBF4 /* Controllers */ = {
			isa = PBXGroup;
			children = (
				C26487EC2CD82A2A00ACC29B /* BusyLevelView.swift */,
				6201F2032CC58A3D00E1BAEB /* PhoneViewController.swift */,
				62E7122B2CC58CDB0064CBF4 /* AccountViewController.swift */,
				622D19592CC7547E00D9C2D1 /* LogoutViewController.swift */,
				622D19572CC753F100D9C2D1 /* MainViewController.swift .swift */,
				62E7122D2CC58CE60064CBF4 /* SMSCodeViewController.swift */,
			);
			path = Controllers;
			sourceTree = "<group>";
		};
		C7BAE0BD17361ACC5C76C6F6 /* Frameworks */ = {
			isa = PBXGroup;
			children = (
				C872189BD874C04C50040EA8 /* Pods_PhoneAuth.framework */,
			);
			name = Frameworks;
			sourceTree = "<group>";
		};
		FB4B4EF55989E200CBEBEBFF /* Pods */ = {
			isa = PBXGroup;
			children = (
				CEBC77F7877D358FC0823B5C /* Pods-PhoneAuth.debug.xcconfig */,
				CD26FBF4FBA55DA926CFB487 /* Pods-PhoneAuth.release.xcconfig */,
			);
			path = Pods;
			sourceTree = "<group>";
		};
/* End PBXGroup section */

/* Begin PBXNativeTarget section */
		6201F1FB2CC58A3D00E1BAEB /* PhoneAuth */ = {
			isa = PBXNativeTarget;
			buildConfigurationList = 6201F2102CC58A3E00E1BAEB /* Build configuration list for PBXNativeTarget "PhoneAuth" */;
			buildPhases = (
				11885715ABECBD20D8453AAB /* [CP] Check Pods Manifest.lock */,
				6201F1F82CC58A3D00E1BAEB /* Sources */,
				6201F1F92CC58A3D00E1BAEB /* Frameworks */,
				6201F1FA2CC58A3D00E1BAEB /* Resources */,
				5525E68F882AAD33BF4AA471 /* [CP] Embed Pods Frameworks */,
				6259ECF62CC5927200EC973F /* Embed Frameworks */,
			);
			buildRules = (
			);
			dependencies = (
			);
			name = PhoneAuth;
			productName = PhoneAuth;
			productReference = 6201F1FC2CC58A3D00E1BAEB /* PhoneAuth.app */;
			productType = "com.apple.product-type.application";
		};
/* End PBXNativeTarget section */

/* Begin PBXProject section */
		6201F1F42CC58A3D00E1BAEB /* Project object */ = {
			isa = PBXProject;
			attributes = {
				BuildIndependentTargetsInParallel = 1;
				LastSwiftUpdateCheck = 1540;
				LastUpgradeCheck = 1540;
				TargetAttributes = {
					6201F1FB2CC58A3D00E1BAEB = {
						CreatedOnToolsVersion = 15.4;
					};
				};
			};
			buildConfigurationList = 6201F1F72CC58A3D00E1BAEB /* Build configuration list for PBXProject "PhoneAuth" */;
			compatibilityVersion = "Xcode 14.0";
			developmentRegion = en;
			hasScannedForEncodings = 0;
			knownRegions = (
				en,
				Base,
			);
			mainGroup = 6201F1F32CC58A3D00E1BAEB;
			productRefGroup = 6201F1FD2CC58A3D00E1BAEB /* Products */;
			projectDirPath = "";
			projectRoot = "";
			targets = (
				6201F1FB2CC58A3D00E1BAEB /* PhoneAuth */,
			);
		};
/* End PBXProject section */

/* Begin PBXResourcesBuildPhase section */
		6201F1FA2CC58A3D00E1BAEB /* Resources */ = {
			isa = PBXResourcesBuildPhase;
			buildActionMask = 2147483647;
			files = (
				C26487E52CD823B000ACC29B /* GoogleService-Info.plist in Resources */,
				6201F2092CC58A3E00E1BAEB /* Assets.xcassets in Resources */,
				6201F20C2CC58A3E00E1BAEB /* Base in Resources */,
			);
			runOnlyForDeploymentPostprocessing = 0;
		};
/* End PBXResourcesBuildPhase section */

/* Begin PBXShellScriptBuildPhase section */
		11885715ABECBD20D8453AAB /* [CP] Check Pods Manifest.lock */ = {
			isa = PBXShellScriptBuildPhase;
			buildActionMask = 2147483647;
			files = (
			);
			inputFileListPaths = (
			);
			inputPaths = (
				"${PODS_PODFILE_DIR_PATH}/Podfile.lock",
				"${PODS_ROOT}/Manifest.lock",
			);
			name = "[CP] Check Pods Manifest.lock";
			outputFileListPaths = (
			);
			outputPaths = (
				"$(DERIVED_FILE_DIR)/Pods-PhoneAuth-checkManifestLockResult.txt",
			);
			runOnlyForDeploymentPostprocessing = 0;
			shellPath = /bin/sh;
			shellScript = "diff \"${PODS_PODFILE_DIR_PATH}/Podfile.lock\" \"${PODS_ROOT}/Manifest.lock\" > /dev/null\nif [ $? != 0 ] ; then\n    # print error to STDERR\n    echo \"error: The sandbox is not in sync with the Podfile.lock. Run 'pod install' or update your CocoaPods installation.\" >&2\n    exit 1\nfi\n# This output is used by Xcode 'outputs' to avoid re-running this script phase.\necho \"SUCCESS\" > \"${SCRIPT_OUTPUT_FILE_0}\"\n";
			showEnvVarsInLog = 0;
		};
		5525E68F882AAD33BF4AA471 /* [CP] Embed Pods Frameworks */ = {
			isa = PBXShellScriptBuildPhase;
			buildActionMask = 2147483647;
			files = (
			);
			inputFileListPaths = (
				"${PODS_ROOT}/Target Support Files/Pods-PhoneAuth/Pods-PhoneAuth-frameworks-${CONFIGURATION}-input-files.xcfilelist",
			);
			name = "[CP] Embed Pods Frameworks";
			outputFileListPaths = (
				"${PODS_ROOT}/Target Support Files/Pods-PhoneAuth/Pods-PhoneAuth-frameworks-${CONFIGURATION}-output-files.xcfilelist",
			);
			runOnlyForDeploymentPostprocessing = 0;
			shellPath = /bin/sh;
			shellScript = "\"${PODS_ROOT}/Target Support Files/Pods-PhoneAuth/Pods-PhoneAuth-frameworks.sh\"\n";
			showEnvVarsInLog = 0;
		};
/* End PBXShellScriptBuildPhase section */

/* Begin PBXSourcesBuildPhase section */
		6201F1F82CC58A3D00E1BAEB /* Sources */ = {
			isa = PBXSourcesBuildPhase;
			buildActionMask = 2147483647;
			files = (
				6201F2042CC58A3D00E1BAEB /* PhoneViewController.swift in Sources */,
				622D19582CC753F100D9C2D1 /* MainViewController.swift .swift in Sources */,
				62E7122C2CC58CDB0064CBF4 /* AccountViewController.swift in Sources */,
				62E712292CC58B080064CBF4 /* AuthManager.swift in Sources */,
				6201F2002CC58A3D00E1BAEB /* AppDelegate.swift in Sources */,
				6201F2022CC58A3D00E1BAEB /* SceneDelegate.swift in Sources */,
				622D195A2CC7547E00D9C2D1 /* LogoutViewController.swift in Sources */,
				C26487ED2CD82A2A00ACC29B /* BusyLevelView.swift in Sources */,
				62E7122E2CC58CE60064CBF4 /* SMSCodeViewController.swift in Sources */,
			);
			runOnlyForDeploymentPostprocessing = 0;
		};
/* End PBXSourcesBuildPhase section */

/* Begin PBXVariantGroup section */
		6201F20A2CC58A3E00E1BAEB /* LaunchScreen.storyboard */ = {
			isa = PBXVariantGroup;
			children = (
				6201F20B2CC58A3E00E1BAEB /* Base */,
			);
			name = LaunchScreen.storyboard;
			sourceTree = "<group>";
		};
/* End PBXVariantGroup section */

/* Begin XCBuildConfiguration section */
		6201F20E2CC58A3E00E1BAEB /* Debug */ = {
			isa = XCBuildConfiguration;
			buildSettings = {
				ALWAYS_SEARCH_USER_PATHS = NO;
				ASSETCATALOG_COMPILER_GENERATE_SWIFT_ASSET_SYMBOL_EXTENSIONS = YES;
				CLANG_ANALYZER_NONNULL = YES;
				CLANG_ANALYZER_NUMBER_OBJECT_CONVERSION = YES_AGGRESSIVE;
				CLANG_CXX_LANGUAGE_STANDARD = "gnu++20";
				CLANG_ENABLE_MODULES = YES;
				CLANG_ENABLE_OBJC_ARC = YES;
				CLANG_ENABLE_OBJC_WEAK = YES;
				CLANG_WARN_BLOCK_CAPTURE_AUTORELEASING = YES;
				CLANG_WARN_BOOL_CONVERSION = YES;
				CLANG_WARN_COMMA = YES;
				CLANG_WARN_CONSTANT_CONVERSION = YES;
				CLANG_WARN_DEPRECATED_OBJC_IMPLEMENTATIONS = YES;
				CLANG_WARN_DIRECT_OBJC_ISA_USAGE = YES_ERROR;
				CLANG_WARN_DOCUMENTATION_COMMENTS = YES;
				CLANG_WARN_EMPTY_BODY = YES;
				CLANG_WARN_ENUM_CONVERSION = YES;
				CLANG_WARN_INFINITE_RECURSION = YES;
				CLANG_WARN_INT_CONVERSION = YES;
				CLANG_WARN_NON_LITERAL_NULL_CONVERSION = YES;
				CLANG_WARN_OBJC_IMPLICIT_RETAIN_SELF = YES;
				CLANG_WARN_OBJC_LITERAL_CONVERSION = YES;
				CLANG_WARN_OBJC_ROOT_CLASS = YES_ERROR;
				CLANG_WARN_QUOTED_INCLUDE_IN_FRAMEWORK_HEADER = YES;
				CLANG_WARN_RANGE_LOOP_ANALYSIS = YES;
				CLANG_WARN_STRICT_PROTOTYPES = YES;
				CLANG_WARN_SUSPICIOUS_MOVE = YES;
				CLANG_WARN_UNGUARDED_AVAILABILITY = YES_AGGRESSIVE;
				CLANG_WARN_UNREACHABLE_CODE = YES;
				CLANG_WARN__DUPLICATE_METHOD_MATCH = YES;
				COPY_PHASE_STRIP = NO;
				DEBUG_INFORMATION_FORMAT = dwarf;
				ENABLE_STRICT_OBJC_MSGSEND = YES;
				ENABLE_TESTABILITY = YES;
				ENABLE_USER_SCRIPT_SANDBOXING = YES;
				GCC_C_LANGUAGE_STANDARD = gnu17;
				GCC_DYNAMIC_NO_PIC = NO;
				GCC_NO_COMMON_BLOCKS = YES;
				GCC_OPTIMIZATION_LEVEL = 0;
				GCC_PREPROCESSOR_DEFINITIONS = (
					"DEBUG=1",
					"$(inherited)",
				);
				GCC_WARN_64_TO_32_BIT_CONVERSION = YES;
				GCC_WARN_ABOUT_RETURN_TYPE = YES_ERROR;
				GCC_WARN_UNDECLARED_SELECTOR = YES;
				GCC_WARN_UNINITIALIZED_AUTOS = YES_AGGRESSIVE;
				GCC_WARN_UNUSED_FUNCTION = YES;
				GCC_WARN_UNUSED_VARIABLE = YES;
				IPHONEOS_DEPLOYMENT_TARGET = 17.5;
				LOCALIZATION_PREFERS_STRING_CATALOGS = YES;
				MTL_ENABLE_DEBUG_INFO = INCLUDE_SOURCE;
				MTL_FAST_MATH = YES;
				ONLY_ACTIVE_ARCH = YES;
				SDKROOT = iphoneos;
				SWIFT_ACTIVE_COMPILATION_CONDITIONS = "DEBUG $(inherited)";
				SWIFT_OPTIMIZATION_LEVEL = "-Onone";
			};
			name = Debug;
		};
		6201F20F2CC58A3E00E1BAEB /* Release */ = {
			isa = XCBuildConfiguration;
			buildSettings = {
				ALWAYS_SEARCH_USER_PATHS = NO;
				ASSETCATALOG_COMPILER_GENERATE_SWIFT_ASSET_SYMBOL_EXTENSIONS = YES;
				CLANG_ANALYZER_NONNULL = YES;
				CLANG_ANALYZER_NUMBER_OBJECT_CONVERSION = YES_AGGRESSIVE;
				CLANG_CXX_LANGUAGE_STANDARD = "gnu++20";
				CLANG_ENABLE_MODULES = YES;
				CLANG_ENABLE_OBJC_ARC = YES;
				CLANG_ENABLE_OBJC_WEAK = YES;
				CLANG_WARN_BLOCK_CAPTURE_AUTORELEASING = YES;
				CLANG_WARN_BOOL_CONVERSION = YES;
				CLANG_WARN_COMMA = YES;
				CLANG_WARN_CONSTANT_CONVERSION = YES;
				CLANG_WARN_DEPRECATED_OBJC_IMPLEMENTATIONS = YES;
				CLANG_WARN_DIRECT_OBJC_ISA_USAGE = YES_ERROR;
				CLANG_WARN_DOCUMENTATION_COMMENTS = YES;
				CLANG_WARN_EMPTY_BODY = YES;
				CLANG_WARN_ENUM_CONVERSION = YES;
				CLANG_WARN_INFINITE_RECURSION = YES;
				CLANG_WARN_INT_CONVERSION = YES;
				CLANG_WARN_NON_LITERAL_NULL_CONVERSION = YES;
				CLANG_WARN_OBJC_IMPLICIT_RETAIN_SELF = YES;
				CLANG_WARN_OBJC_LITERAL_CONVERSION = YES;
				CLANG_WARN_OBJC_ROOT_CLASS = YES_ERROR;
				CLANG_WARN_QUOTED_INCLUDE_IN_FRAMEWORK_HEADER = YES;
				CLANG_WARN_RANGE_LOOP_ANALYSIS = YES;
				CLANG_WARN_STRICT_PROTOTYPES = YES;
				CLANG_WARN_SUSPICIOUS_MOVE = YES;
				CLANG_WARN_UNGUARDED_AVAILABILITY = YES_AGGRESSIVE;
				CLANG_WARN_UNREACHABLE_CODE = YES;
				CLANG_WARN__DUPLICATE_METHOD_MATCH = YES;
				COPY_PHASE_STRIP = NO;
				DEBUG_INFORMATION_FORMAT = "dwarf-with-dsym";
				ENABLE_NS_ASSERTIONS = NO;
				ENABLE_STRICT_OBJC_MSGSEND = YES;
				ENABLE_USER_SCRIPT_SANDBOXING = YES;
				GCC_C_LANGUAGE_STANDARD = gnu17;
				GCC_NO_COMMON_BLOCKS = YES;
				GCC_WARN_64_TO_32_BIT_CONVERSION = YES;
				GCC_WARN_ABOUT_RETURN_TYPE = YES_ERROR;
				GCC_WARN_UNDECLARED_SELECTOR = YES;
				GCC_WARN_UNINITIALIZED_AUTOS = YES_AGGRESSIVE;
				GCC_WARN_UNUSED_FUNCTION = YES;
				GCC_WARN_UNUSED_VARIABLE = YES;
				IPHONEOS_DEPLOYMENT_TARGET = 17.5;
				LOCALIZATION_PREFERS_STRING_CATALOGS = YES;
				MTL_ENABLE_DEBUG_INFO = NO;
				MTL_FAST_MATH = YES;
				SDKROOT = iphoneos;
				SWIFT_COMPILATION_MODE = wholemodule;
				VALIDATE_PRODUCT = YES;
			};
			name = Release;
		};
		6201F2112CC58A3E00E1BAEB /* Debug */ = {
			isa = XCBuildConfiguration;
			baseConfigurationReference = CEBC77F7877D358FC0823B5C /* Pods-PhoneAuth.debug.xcconfig */;
			buildSettings = {
				ASSETCATALOG_COMPILER_APPICON_NAME = AppIcon;
				ASSETCATALOG_COMPILER_GLOBAL_ACCENT_COLOR_NAME = AccentColor;
				CODE_SIGN_ENTITLEMENTS = PhoneAuth/PhoneAuth.entitlements;
				CODE_SIGN_STYLE = Automatic;
				CURRENT_PROJECT_VERSION = 1;
				ENABLE_USER_SCRIPT_SANDBOXING = NO;
				GENERATE_INFOPLIST_FILE = YES;
				INFOPLIST_FILE = PhoneAuth/Info.plist;
				INFOPLIST_KEY_UIApplicationSupportsIndirectInputEvents = YES;
				INFOPLIST_KEY_UILaunchStoryboardName = LaunchScreen;
				INFOPLIST_KEY_UISupportedInterfaceOrientations_iPad = "UIInterfaceOrientationPortrait UIInterfaceOrientationPortraitUpsideDown UIInterfaceOrientationLandscapeLeft UIInterfaceOrientationLandscapeRight";
				INFOPLIST_KEY_UISupportedInterfaceOrientations_iPhone = "UIInterfaceOrientationPortrait UIInterfaceOrientationLandscapeLeft UIInterfaceOrientationLandscapeRight";
				IPHONEOS_DEPLOYMENT_TARGET = 17.5;
				LD_RUNPATH_SEARCH_PATHS = (
					"$(inherited)",
					"@executable_path/Frameworks",
				);
				MARKETING_VERSION = 1.0;
				PRODUCT_BUNDLE_IDENTIFIER = team05.PhoneAuth;
				PRODUCT_NAME = "$(TARGET_NAME)";
				SWIFT_EMIT_LOC_STRINGS = YES;
				SWIFT_VERSION = 5.0;
				TARGETED_DEVICE_FAMILY = "1,2";
			};
			name = Debug;
		};
		6201F2122CC58A3E00E1BAEB /* Release */ = {
			isa = XCBuildConfiguration;
			baseConfigurationReference = CD26FBF4FBA55DA926CFB487 /* Pods-PhoneAuth.release.xcconfig */;
			buildSettings = {
				ASSETCATALOG_COMPILER_APPICON_NAME = AppIcon;
				ASSETCATALOG_COMPILER_GLOBAL_ACCENT_COLOR_NAME = AccentColor;
				CODE_SIGN_ENTITLEMENTS = PhoneAuth/PhoneAuth.entitlements;
				CODE_SIGN_STYLE = Automatic;
				CURRENT_PROJECT_VERSION = 1;
				ENABLE_USER_SCRIPT_SANDBOXING = NO;
				GENERATE_INFOPLIST_FILE = YES;
				INFOPLIST_FILE = PhoneAuth/Info.plist;
				INFOPLIST_KEY_UIApplicationSupportsIndirectInputEvents = YES;
				INFOPLIST_KEY_UILaunchStoryboardName = LaunchScreen;
				INFOPLIST_KEY_UISupportedInterfaceOrientations_iPad = "UIInterfaceOrientationPortrait UIInterfaceOrientationPortraitUpsideDown UIInterfaceOrientationLandscapeLeft UIInterfaceOrientationLandscapeRight";
				INFOPLIST_KEY_UISupportedInterfaceOrientations_iPhone = "UIInterfaceOrientationPortrait UIInterfaceOrientationLandscapeLeft UIInterfaceOrientationLandscapeRight";
				IPHONEOS_DEPLOYMENT_TARGET = 17.5;
				LD_RUNPATH_SEARCH_PATHS = (
					"$(inherited)",
					"@executable_path/Frameworks",
				);
				MARKETING_VERSION = 1.0;
				PRODUCT_BUNDLE_IDENTIFIER = team05.PhoneAuth;
				PRODUCT_NAME = "$(TARGET_NAME)";
				SWIFT_EMIT_LOC_STRINGS = YES;
				SWIFT_VERSION = 5.0;
				TARGETED_DEVICE_FAMILY = "1,2";
			};
			name = Release;
		};
/* End XCBuildConfiguration section */

/* Begin XCConfigurationList section */
		6201F1F72CC58A3D00E1BAEB /* Build configuration list for PBXProject "PhoneAuth" */ = {
			isa = XCConfigurationList;
			buildConfigurations = (
				6201F20E2CC58A3E00E1BAEB /* Debug */,
				6201F20F2CC58A3E00E1BAEB /* Release */,
			);
			defaultConfigurationIsVisible = 0;
			defaultConfigurationName = Release;
		};
		6201F2102CC58A3E00E1BAEB /* Build configuration list for PBXNativeTarget "PhoneAuth" */ = {
			isa = XCConfigurationList;
			buildConfigurations = (
				6201F2112CC58A3E00E1BAEB /* Debug */,
				6201F2122CC58A3E00E1BAEB /* Release */,
			);
			defaultConfigurationIsVisible = 0;
			defaultConfigurationName = Release;
		};
/* End XCConfigurationList section */
	};
	rootObject = 6201F1F42CC58A3D00E1BAEB /* Project object */;
}
